# repo|revision|remote_filename|local_filename|sha256
unsloth/Qwen3.5-2B-GGUF|802854bfd388ed92748de119df31327962811548|Qwen3.5-2B-Q4_K_M.gguf|Qwen3.5-2B-Q4_K_M.gguf|aaf42c8b7c3cab2bf3d69c355048d4a0ee9973d48f16c731c0520ee914699223
unsloth/Qwen3.5-2B-GGUF|5d6d00d4a1799638a6a3e338739833dfe807a03f|mmproj-BF16.gguf|mmproj-2B-BF16.gguf|f17196c0d8fc756bc65be60075bd4a359917eee8a438505639511727c585d3c2
unsloth/Qwen3.5-9B-GGUF|99a1b2185534379e6e8b5ec869da25d3e7b3f73c|Qwen3.5-9B-Q4_K_M.gguf|Qwen3.5-9B-Q4_K_M.gguf|03b74727a860a56338e042c4420bb3f04b2fec5734175f4cb9fa853daf52b7e8
unsloth/Qwen3.5-9B-GGUF|f0a5ec311e0b365f00a15084f64a43bbd21af890|mmproj-BF16.gguf|mmproj-9B-BF16.gguf|853698ce7aa6c7ba732478bad280240969ddf7b0fcbf93900046f63903a83383
unsloth/Qwen3.5-27B-GGUF|8e3146409d5f09175028d588d86e1d153e4ce168|Qwen3.5-27B-Q8_0.gguf|Qwen3.5-27B-Q8_0.gguf|6b0a101b0a86697fe11eabcc1a7db72699a9f3d4b18b6a1ac75ea3fb2c26c450
unsloth/Qwen3.5-27B-GGUF|2e43bb48b4c8ba73794db822f3f8f9dd1a25b045|mmproj-BF16.gguf|mmproj-27B-BF16.gguf|8bf0a1a9b730c6daabcd115c27acc5abe214e94edb7057e349bff25fc968ad40
